
Microsoft Visual Studio Solution File, Format Version 12.00
# Visual Studio Version 17
VisualStudioVersion = 17.14.36705.20
MinimumVisualStudioVersion = 10.0.40219.1
Project("{FAE04EC0-301F-11D3-BF4B-00C04F79EFBC}") = "BankingApp", "BankingApp.csproj", "{75DBA4FB-6544-4919-8F75-999950881993}"
EndProject
Project("{FAE04EC0-301F-11D3-BF4B-00C04F79EFBC}") = "MVC", "..\MVC\MVC.csproj", "{8CE18B41-F26E-4330-93B2-C6E9CFC99FB3}"
EndProject
Project("{FAE04EC0-301F-11D3-BF4B-00C04F79EFBC}") = "BankAccountApp.Tests", "..\BankAccountApp.Tests\BankAccountApp.Tests.csproj", "{12DD95A9-1F6A-4F33-96FC-A21B7AD75E7C}"
EndProject
Global
	GlobalSection(SolutionConfigurationPlatforms) = preSolution
		Debug|Any CPU = Debug|Any CPU
		Release|Any CPU = Release|Any CPU
	EndGlobalSection
	GlobalSection(ProjectConfigurationPlatforms) = postSolution
		{75DBA4FB-6544-4919-8F75-999950881993}.Debug|Any CPU.ActiveCfg = Debug|Any CPU
		{75DBA4FB-6544-4919-8F75-999950881993}.Debug|Any CPU.Build.0 = Debug|Any CPU
		{75DBA4FB-6544-4919-8F75-999950881993}.Release|Any CPU.ActiveCfg = Release|Any CPU
		{75DBA4FB-6544-4919-8F75-999950881993}.Release|Any CPU.Build.0 = Release|Any CPU
		{8CE18B41-F26E-4330-93B2-C6E9CFC99FB3}.Debug|Any CPU.ActiveCfg = Debug|Any CPU
		{8CE18B41-F26E-4330-93B2-C6E9CFC99FB3}.Debug|Any CPU.Build.0 = Debug|Any CPU
		{8CE18B41-F26E-4330-93B2-C6E9CFC99FB3}.Release|Any CPU.ActiveCfg = Release|Any CPU
		{8CE18B41-F26E-4330-93B2-C6E9CFC99FB3}.Release|Any CPU.Build.0 = Release|Any CPU
		{12DD95A9-1F6A-4F33-96FC-A21B7AD75E7C}.Debug|Any CPU.ActiveCfg = Debug|Any CPU
		{12DD95A9-1F6A-4F33-96FC-A21B7AD75E7C}.Debug|Any CPU.Build.0 = Debug|Any CPU
		{12DD95A9-1F6A-4F33-96FC-A21B7AD75E7C}.Release|Any CPU.ActiveCfg = Release|Any CPU
		{12DD95A9-1F6A-4F33-96FC-A21B7AD75E7C}.Release|Any CPU.Build.0 = Release|Any CPU
	EndGlobalSection
	GlobalSection(SolutionProperties) = preSolution
		HideSolutionNode = FALSE
	EndGlobalSection
	GlobalSection(ExtensibilityGlobals) = postSolution
		SolutionGuid = {7AE49F0E-9BF6-480A-9A17-74CEE3A3C96A}
	EndGlobalSection
EndGlobal
